{
  "name": "whatsapp-downloader-bot",
  "version": "1.0.0",
  "lockfileVersion": 2,
  "dependencies": {
    "@adiwajshing/baileys": {
      "version": "5.0.0",
      "resolved": "https://registry.npmjs.org/@adiwajshing/baileys/-/baileys-5.0.0.tgz",
      "integrity": "sha512-<hash>",
      "engines": {
        "node": ">=12.0.0"
      },
      "dev": false
    },
    "ytdl-core": {
      "version": "4.9.1",
      "resolved": "https://registry.npmjs.org/ytdl-core/-/ytdl-core-4.9.1.tgz",
      "integrity": "sha512-<hash>",
      "dev": false
    },
    "axios": {
      "version": "0.21.1",
      "resolved": "https://registry.npmjs.org/axios/-/axios-0.21.1.tgz",
      "integrity": "sha512-<hash>",
      "dev": false
    }
  }
}
